<?xml version="1.0" encoding="utf-8"?>
<Project ToolsVersion="4.0" xmlns="http://schemas.microsoft.com/developer/msbuild/2003">
  <ItemGroup>
    <Filter Include="Source Files">
      <UniqueIdentifier>{4FC737F1-C7A5-4376-A066-2A32D752A2FF}</UniqueIdentifier>
      <Extensions>cpp;c;cc;cxx;def;odl;idl;hpj;bat;asm;asmx</Extensions>
    </Filter>
    <Filter Include="Header Files">
      <UniqueIdentifier>{93995380-89BD-4b04-88EB-625FBE52EBFB}</UniqueIdentifier>
      <Extensions>h;hh;hpp;hxx;hm;inl;inc;xsd</Extensions>
    </Filter>
    <Filter Include="Resource Files">
      <UniqueIdentifier>{67DA6AB6-F800-4c08-8B7A-83BB121AAD01}</UniqueIdentifier>
      <Extensions>rc;ico;cur;bmp;dlg;rc2;rct;bin;rgs;gif;jpg;jpeg;jpe;resx;tiff;tif;png;wav;mfcribbon-ms</Extensions>
    </Filter>
  </ItemGroup>
  <ItemGroup>
    <ClCompile Include="..\SampleSource\Components\Ree\Ree.cpp">
      <Filter>Source Files</Filter>
    </ClCompile>
    <ClCompile Include="..\SampleSource\Systems\Barp\Barp.cpp">
      <Filter>Source Files</Filter>
    </ClCompile>
    <ClCompile Include="..\SampleSource\Components\Salmon\Salmon.cpp">
      <Filter>Source Files</Filter>
    </ClCompile>
    <ClCompile Include="..\SampleSource\Components\Clam\Clam.cpp">
      <Filter>Source Files</Filter>
    </ClCompile>
    <ClCompile Include="..\SampleSource\Systems\shleemyboi\shleemyboi.cpp">
      <Filter>Source Files</Filter>
    </ClCompile>
    <ClCompile Include="..\SampleSource\Source.cpp">
      <Filter>Source Files</Filter>
    </ClCompile>
    <ClCompile Include="..\SampleSource\Systems\hurp\hurp.cpp">
      <Filter>Source Files</Filter>
    </ClCompile>
    <ClCompile Include="..\SampleSource\Systems\Beerzzzz\Beerzzzz.cpp">
      <Filter>Source Files</Filter>
    </ClCompile>
    <ClCompile Include="..\SampleSource\Systems\assballs\assballs.cpp">
      <Filter>Source Files</Filter>
    </ClCompile>
    <ClCompile Include="..\SampleSource\Systems\jargon.cpp">
      <Filter>Source Files</Filter>
    </ClCompile>
    <ClCompile Include="..\SampleSource\Systems\AAAAA.cpp">
      <Filter>Source Files</Filter>
    </ClCompile>
    <ClCompile Include="..\SampleSource\Systems\hahahahaha.cpp">
      <Filter>Source Files</Filter>
    </ClCompile>
    <ClCompile Include="..\SampleSource\Systems\ZZZ.cpp">
      <Filter>Source Files</Filter>
    </ClCompile>
    <ClCompile Include="..\SampleSource\Systems\CAT.cpp">
      <Filter>Source Files</Filter>
    </ClCompile>
    <ClCompile Include="..\SampleSource\Systems\yara\yara.cpp">
      <Filter>Source Files</Filter>
    </ClCompile>
    <ClCompile Include="..\SampleSource\Systems\monkey\monkey.cpp">
      <Filter>Source Files</Filter>
    </ClCompile>
  </ItemGroup>
  <ItemGroup>
    <ClInclude Include="..\SampleSource\Components\Ree\Ree.h">
      <Filter>Header Files</Filter>
    </ClInclude>
    <ClInclude Include="..\SampleSource\Systems\Barp\Barp.h">
      <Filter>Header Files</Filter>
    </ClInclude>
    <ClInclude Include="..\SampleSource\Components\Salmon\Salmon.h">
      <Filter>Header Files</Filter>
    </ClInclude>
    <ClInclude Include="..\SampleSource\Components\Clam\Clam.h">
      <Filter>Header Files</Filter>
    </ClInclude>
    <ClInclude Include="..\SampleSource\Systems\shleemyboi\shleemyboi.h">
      <Filter>Header Files</Filter>
    </ClInclude>
    <ClInclude Include="..\SampleSource\Header.h">
      <Filter>Header Files</Filter>
    </ClInclude>
    <ClInclude Include="..\SampleSource\Systems\hurp\hurp.hpp">
      <Filter>Header Files</Filter>
    </ClInclude>
    <ClInclude Include="..\SampleSource\Systems\Beerzzzz\Beerzzzz.hpp">
      <Filter>Header Files</Filter>
    </ClInclude>
    <ClInclude Include="..\SampleSource\Systems\assballs\assballs.h">
      <Filter>Header Files</Filter>
    </ClInclude>
    <ClInclude Include="..\SampleSource\Systems\jargon.h">
      <Filter>Header Files</Filter>
    </ClInclude>
    <ClInclude Include="..\SampleSource\Systems\AAAAA.h">
      <Filter>Header Files</Filter>
    </ClInclude>
    <ClInclude Include="..\SampleSource\Systems\hahahahaha.h">
      <Filter>Header Files</Filter>
    </ClInclude>
    <ClInclude Include="..\SampleSource\Systems\ZZZ.h">
      <Filter>Header Files</Filter>
    </ClInclude>
    <ClInclude Include="..\SampleSource\Systems\CAT.h">
      <Filter>Header Files</Filter>
    </ClInclude>
    <ClInclude Include="..\SampleSource\Systems\THESHLEEM\THESHLEEM.h">
      <Filter>Header Files</Filter>
    </ClInclude>
    <ClInclude Include="..\SampleSource\Systems\yara\yara.h">
      <Filter>Header Files</Filter>
    </ClInclude>
    <ClInclude Include="..\SampleSource\SystemIncludes.h">
      <Filter>Header Files</Filter>
    </ClInclude>
  </ItemGroup>
</Project>